github.com/clasenback/dog v0.0.0-20230910151548-69408361605c h1:UOzDDyR9zJcyHLhCg+yERzy9/5W1WaMuiQ6Mjsgbaj0=
github.com/clasenback/dog v0.0.0-20230910151548-69408361605c/go.mod h1:z9Qlt+xnOHz47M9mwnmnsgLhRhMAtdQT6I5SQ0o5ovQ=
github.com/clasenback/puppy v0.0.0-20230910152457-8f863c3748c5 h1:rKUDun/66Lojz/vtgypT3G2UD5R3Xgp2h2GGhq0mu2o=
github.com/clasenback/puppy v0.0.0-20230910152457-8f863c3748c5/go.mod h1:hyFnCxs1upnjO0L0+6Gh5wIXCSMU+3NNpxkIdnFzMuM=
